[renv]
Version=0.6.0

[R]
Version=3.5.1
Repositories=
	CRAN=https://cloud.r-project.org

[R/Package/BH]
Package=BH
Version=1.69.0-1
Source=CRAN
Hash=c21ff57827acd7a1e150943fa1264677

[R/Package/DT]
Package=DT
Version=0.6
Source=CRAN
Hash=2c66b9a1a9066f96d5d54590373be19b

[R/Package/GMD]
Package=GMD
Version=0.3.3
Source=CRAN
Hash=4f0f078e6ce42661330c963cdf3df7fc

[R/Package/KernSmooth]
Package=KernSmooth
Version=2.23-15
Source=CRAN
Hash=5ea8d787b5139f5f0744569a5d5af41b

[R/Package/MASS]
Package=MASS
Version=7.3-51.4
Source=CRAN
Hash=dfd2b1c0b9413c7eadc350505020ee96

[R/Package/Matrix]
Package=Matrix
Version=1.2-14
Source=CRAN
Hash=1428eb7b16c02c65022220d55ce6f67b

[R/Package/NLP]
Package=NLP
Version=0.2-0
Source=CRAN
Hash=722c2ab1ac52011992abe2878b87e648

[R/Package/R6]
Package=R6
Version=2.4.0
Source=CRAN
Hash=f542e196103d43e270c2f12769143a4c

[R/Package/RColorBrewer]
Package=RColorBrewer
Version=1.1-2
Source=CRAN
Hash=e12d9efbd8540624beb948405e496adf

[R/Package/RCurl]
Package=RCurl
Version=1.95-4.12
Source=CRAN
Hash=6187bb03ed85df8493b52297710c2416

[R/Package/Rcpp]
Package=Rcpp
Version=1.0.1
Source=CRAN
Hash=afc83bf2a529ebac3a0ac6434772b1c7

[R/Package/SnowballC]
Package=SnowballC
Version=0.6.0
Source=CRAN
Hash=e7a224b22471363d329435de46df472d

[R/Package/XML]
Package=XML
Version=3.98-1.20
Source=CRAN
Hash=daecd6dc8f8b9838ceabf0a9da39d56a

[R/Package/arsenal]
Package=arsenal
Version=3.1.0
Source=CRAN
Hash=e4d0b38994b214993aaabcb31349fc36

[R/Package/askpass]
Package=askpass
Version=1.1
Source=CRAN
Hash=8cf7584c364ebfbd3b84154a0fd0c18d

[R/Package/assertthat]
Package=assertthat
Version=0.2.1
Source=CRAN
Hash=2247b53bdc6a80930cc84f85fb0d04e1

[R/Package/backports]
Package=backports
Version=1.1.4
Source=CRAN
Hash=41bcc4f617da2138bedeab2949b22319

[R/Package/bibtex]
Package=bibtex
Version=0.4.2
Source=CRAN
Hash=57e700b8c9a820a82518640da2c59bdc

[R/Package/bitops]
Package=bitops
Version=1.0-6
Source=CRAN
Hash=5b877c0d718e2324ce03d906f493c464

[R/Package/caTools]
Package=caTools
Version=1.17.1.2
Source=CRAN
Hash=816cad732e1cb0a5b052d7d126e73c15

[R/Package/cli]
Package=cli
Version=1.1.0
Source=CRAN
Hash=620f934158e3c8d571d3a7d277b24285

[R/Package/clipr]
Package=clipr
Version=0.6.0
Source=CRAN
Hash=5490c3928fef3d47b801bb7a0aa00310

[R/Package/cluster]
Package=cluster
Version=2.0.7-1
Source=CRAN
Hash=e26cb5478bf6e747fc488b3d67a76d0f

[R/Package/codetools]
Package=codetools
Version=0.2-15
Source=CRAN
Hash=b5edbf783896a3ff5fe619b474f9867d

[R/Package/colorspace]
Package=colorspace
Version=1.4-1
Source=CRAN
Hash=705e3eac14c352ff8250ec9c7481c33d

[R/Package/crayon]
Package=crayon
Version=1.3.4
Source=CRAN
Hash=c0b1449ec7cffe91f022f39e01f8f710

[R/Package/crosstalk]
Package=crosstalk
Version=1.0.0
Source=CRAN
Hash=6af20710cd4fbb15d35011a15d3c8187

[R/Package/crul]
Package=crul
Version=0.7.4
Source=CRAN
Hash=85ed7fe899c251efe39dd040db39a598

[R/Package/curl]
Package=curl
Version=3.3
Source=CRAN
Hash=aaea072ce2cf5f388446650b475874a8

[R/Package/data.table]
Package=data.table
Version=1.12.2
Source=CRAN
Hash=81fb3d067d9a28e930293e9d7bf90366

[R/Package/digest]
Package=digest
Version=0.6.19
Source=CRAN
Hash=babe67b3797b493088c24d30c5950cfa

[R/Package/doParallel]
Package=doParallel
Version=1.0.14
Source=CRAN
Hash=e4e7e2a15e88485787f8e81f311e4805

[R/Package/dplyr]
Package=dplyr
Version=0.8.1
Source=CRAN
Hash=cfe0bc6d3277d6e03f1bd2a6227f0e79

[R/Package/ecodist]
Package=ecodist
Version=2.0.1
Source=CRAN
Hash=94471ef4ba21d772766c150170bcd6a0

[R/Package/ellipsis]
Package=ellipsis
Version=0.1.0
Source=CRAN
Hash=96a1d327cde7b62384e813efa56c7569

[R/Package/fansi]
Package=fansi
Version=0.4.0
Source=CRAN
Hash=ed266fd17df944c53786d83841c4770f

[R/Package/forcats]
Package=forcats
Version=0.4.0
Source=CRAN
Hash=49d43119d9cb0c40c7fc3848967b5615

[R/Package/foreach]
Package=foreach
Version=1.4.4
Source=CRAN
Hash=ca4a190dc4f4a3585a021c2dac817a71

[R/Package/foreign]
Package=foreign
Version=0.8-70
Source=CRAN
Hash=b16b53b05d9370069a6393a57aacc500

[R/Package/fossil]
Package=fossil
Version=0.3.7
Source=CRAN
Hash=c59632dc186cd058bac03674778cb198

[R/Package/gdata]
Package=gdata
Version=2.18.0
Source=CRAN
Hash=6cf63863593c9a80f8b670c3732857ba

[R/Package/ggplot2]
Package=ggplot2
Version=3.1.1
Source=CRAN
Hash=697553cc988603532e9800d36a58de41

[R/Package/glue]
Package=glue
Version=1.3.1
Source=CRAN
Hash=9611ef23b274cfa43c85839a183948dc

[R/Package/gplots]
Package=gplots
Version=3.0.1.1
Source=CRAN
Hash=64dbd253e988cc839898377a2e963b80

[R/Package/gtable]
Package=gtable
Version=0.3.0
Source=CRAN
Hash=a20c2bde56b0b3a359ec5e46df1f70af

[R/Package/gtools]
Package=gtools
Version=3.8.1
Source=CRAN
Hash=5df47275cec3ab4346f2fcd6ee634a78

[R/Package/hms]
Package=hms
Version=0.4.2
Source=CRAN
Hash=70b9bf677f0de805699163ccbf221d81

[R/Package/htmltools]
Package=htmltools
Version=0.3.6
Source=CRAN
Hash=b51a95de8992a1ffae14c4152b66f56e

[R/Package/htmlwidgets]
Package=htmlwidgets
Version=1.3
Source=CRAN
Hash=482765fce33370e4ac314493d9d6c46f

[R/Package/httpcode]
Package=httpcode
Version=0.2.0
Source=CRAN
Hash=6a7aa0428878ef0bce46d15bdd8adda3

[R/Package/httpuv]
Package=httpuv
Version=1.5.1
Source=CRAN
Hash=172a8ab0ae3be5a209f4abcc57ffa91b

[R/Package/httr]
Package=httr
Version=1.4.0
Source=CRAN
Hash=dacc39276974a4b2342659368a7b623b

[R/Package/iterators]
Package=iterators
Version=1.0.10
Source=CRAN
Hash=9ff2ae5c32d14699abaf6990cc108945

[R/Package/jaod]
Package=jaod
Version=0.1.1.9310
Source=GitHub
RemoteType=github
RemoteHost=api.github.com
RemoteRepo=jaod
RemoteUsername=ropenscilabs
RemoteRef=master
RemoteSha=71eeba6d7c762de878e1b84ee197dd6138da03f3
Hash=43dcaf1995a51169cdbb601a356ef6c7

[R/Package/jsonlite]
Package=jsonlite
Version=1.6
Source=CRAN
Hash=9098f8f59907a1180f3a2ff469cd67f2

[R/Package/labeling]
Package=labeling
Version=0.3
Source=CRAN
Hash=701b56435d3771d042b816ff1abb9944

[R/Package/later]
Package=later
Version=0.8.0
Source=CRAN
Hash=f903869140080b78237cac16e3bcf869

[R/Package/lattice]
Package=lattice
Version=0.20-35
Source=CRAN
Hash=6063097488933b220e7f6ab5f95cd69e

[R/Package/lazyeval]
Package=lazyeval
Version=0.2.2
Source=CRAN
Hash=a230d72a95d16715973ad2ae0664cfc0

[R/Package/logging]
Package=logging
Version=0.9-107
Source=CRAN
Hash=72eb8008fd7a8d1487b988187ea40970

[R/Package/lubridate]
Package=lubridate
Version=1.7.4
Source=CRAN
Hash=a029e4bbebf820cb061be3eede251988

[R/Package/magrittr]
Package=magrittr
Version=1.5
Source=CRAN
Hash=1063976a6affe09eb75fc2927b8d4d9d

[R/Package/maps]
Package=maps
Version=3.3.0
Source=CRAN
Hash=0fbf7c8eb949a8c135d375c32e639369

[R/Package/mgcv]
Package=mgcv
Version=1.8-24
Source=CRAN
Hash=8d982b8631d285a539b10eacc41a45d9

[R/Package/mime]
Package=mime
Version=0.6
Source=CRAN
Hash=976803fdcdc85d33c36218b44156e1c1

[R/Package/miniUI]
Package=miniUI
Version=0.1.1.1
Source=CRAN
Hash=ccac71b1383a92e58aa358f155942ab6

[R/Package/munsell]
Package=munsell
Version=0.5.0
Source=CRAN
Hash=504a3c6bd8b5b9c1f4dd9065ead25c9a

[R/Package/nlme]
Package=nlme
Version=3.1-137
Source=CRAN
Hash=f75b17251e074b288759f2afc33ca5ef

[R/Package/onehot]
Package=onehot
Version=0.1.1
Source=CRAN
Hash=0b168253c08edac33ce63cb9151558a8

[R/Package/openssl]
Package=openssl
Version=1.4
Source=CRAN
Hash=e42edb03486696dd1ad538729e98f3a3

[R/Package/parfossil]
Package=parfossil
Version=0.2.0
Source=CRAN
Hash=952e7f84a30d89a0c1126af6141add64

[R/Package/permute]
Package=permute
Version=0.9-5
Source=CRAN
Hash=72c23aa326c319f69c8df9c7e26aa7ce

[R/Package/pillar]
Package=pillar
Version=1.4.1
Source=CRAN
Hash=b7c45c196c5fb3a7ff18fa5afffab6a9

[R/Package/pkgconfig]
Package=pkgconfig
Version=2.0.2
Source=CRAN
Hash=2ad1e266e3c51838d444cdbe6f487e7f

[R/Package/plogr]
Package=plogr
Version=0.2.0
Source=CRAN
Hash=a0ec2f57d4e6bdc9bb52b97058eb5225

[R/Package/plyr]
Package=plyr
Version=1.8.4
Source=CRAN
Hash=22a149ed250857f9159e7ed078ea94a6

[R/Package/praise]
Package=praise
Version=1.0.0
Source=CRAN
Hash=12eeb7b35cd1d786ef1421eb3e70cbd4

[R/Package/promises]
Package=promises
Version=1.0.1
Source=CRAN
Hash=7288c7de35370404d6c2bcfabac48c3c

[R/Package/proxy]
Package=proxy
Version=0.4-23
Source=CRAN
Hash=0306ddae630ba39de844714e5dee19d0

[R/Package/purrr]
Package=purrr
Version=0.3.2
Source=CRAN
Hash=27e0729a3fe0e9a66f6a53f677dda4f8

[R/Package/rAltmetric]
Package=rAltmetric
Version=0.7.0
Source=CRAN
Hash=c46f1aab3958e13faea1289fb45b2a6c

[R/Package/rbace]
Package=rbace
Version=0.0.6.9510
Source=GitHub
RemoteType=github
RemoteHost=api.github.com
RemoteRepo=rbace
RemoteUsername=ropenscilabs
RemoteRef=master
RemoteSha=769829934cf7f574ca7a7e824a7cc5061faf6759
Hash=0db5ba44111734cf725cb212e95b87c5

[R/Package/rcrossref]
Package=rcrossref
Version=0.8.6.9100
Source=GitHub
RemoteType=github
RemoteHost=api.github.com
RemoteRepo=rcrossref
RemoteUsername=ropensci
RemoteRef=async
RemoteSha=9b1223f79dffa9280b77cba8b476f3210cdaeccb
Hash=38dac445a89e6e4ea2d7a9dcf2e05d97

[R/Package/readr]
Package=readr
Version=1.3.1
Source=CRAN
Hash=4b09eb9f053f4888f242b15119d1729b

[R/Package/rentrez]
Package=rentrez
Version=1.2.2
Source=CRAN
Hash=3ecbfac8b200307d7721b18aadd1344e

[R/Package/reshape2]
Package=reshape2
Version=1.4.3
Source=CRAN
Hash=431389bf4e0708ebafb1dec474f3cba8

[R/Package/rlang]
Package=rlang
Version=0.3.4
Source=CRAN
Hash=11a12baf65c41f898629886455ddebd0

[R/Package/rlist]
Package=rlist
Version=0.4.6.1
Source=CRAN
Hash=e5176abe36cdf822fe6911b5d126f20b

[R/Package/ropenaire]
Package=ropenaire
Version=0.1.7.9210
Source=GitHub
RemoteType=github
RemoteHost=api.github.com
RemoteRepo=ropenaire
RemoteUsername=sckott
RemoteRef=master
RemoteSha=64ed2560741e53b850fccd70ecf379721ca244fd
Hash=9fd41d0e847271c3eed46e9e9268b7b6

[R/Package/rplos]
Package=rplos
Version=0.8.6
Source=CRAN
Hash=1ea4a4bfded2c0723d0342fdb484ef38

[R/Package/rstudioapi]
Package=rstudioapi
Version=0.10
Source=CRAN
Hash=7017924bdb0eb5bc313f4dae2352e65a

[R/Package/scales]
Package=scales
Version=1.0.0
Source=CRAN
Hash=55f0078e1e49c799686b5cb57f886087

[R/Package/shapefiles]
Package=shapefiles
Version=0.7
Source=CRAN
Hash=3833857a04d4a0d48f13731978c1f5c0

[R/Package/shiny]
Package=shiny
Version=1.3.2
Source=CRAN
Hash=c7492473757ae2186b14dfefc9c491c6

[R/Package/slam]
Package=slam
Version=0.1-45
Source=CRAN
Hash=a08460542fbeea3752c95bd46c8e7ebf

[R/Package/solrium]
Package=solrium
Version=1.0.2
Source=CRAN
Hash=7216b3d88df145d4cadf5a86bc149515

[R/Package/sourcetools]
Package=sourcetools
Version=0.1.7
Source=CRAN
Hash=78d8b58ebdba4de65b6d07770ae18f8c

[R/Package/sp]
Package=sp
Version=1.3-1
Source=CRAN
Hash=06f4b195f895e0557eb715dcf7e033b7

[R/Package/stringdist]
Package=stringdist
Version=0.9.5.2
Source=CRAN
Hash=841b422337dd2b44109b3d62d2efc00b

[R/Package/stringi]
Package=stringi
Version=1.4.3
Source=CRAN
Hash=173c63cf8b9f876dba8b2984ce7a65d7

[R/Package/stringr]
Package=stringr
Version=1.4.0
Source=CRAN
Hash=813b06afd70ca31c1071395d49346b89

[R/Package/sys]
Package=sys
Version=3.2
Source=CRAN
Hash=567cbcf8838b68dff27e88152d273126

[R/Package/tau]
Package=tau
Version=0.0-21
Source=CRAN
Hash=8b1e130ed938a338bdf3662dbf2007c0

[R/Package/testthat]
Package=testthat
Version=2.1.1
Source=CRAN
Hash=1507af14e186fbff302183807dea4fd7

[R/Package/textcat]
Package=textcat
Version=1.0-6
Source=CRAN
Hash=637b120b40ac12af95bf735116fb07a5

[R/Package/tibble]
Package=tibble
Version=2.1.3
Source=CRAN
Hash=00486c582b92fbc788e7d0f52559f64b

[R/Package/tidyr]
Package=tidyr
Version=0.8.3
Source=CRAN
Hash=4cbf3f2ffac9ac51eef66c13bcd0f222

[R/Package/tidyselect]
Package=tidyselect
Version=0.2.5
Source=CRAN
Hash=40aceb5150e00cfe7a4999b4672cf614

[R/Package/tm]
Package=tm
Version=0.6-1
Source=CRAN
Hash=4d97c64314174836ef142f15b2251018

[R/Package/triebeard]
Package=triebeard
Version=0.3.0
Source=CRAN
Hash=9f45992e40ed6c607b389959851a81b2

[R/Package/urltools]
Package=urltools
Version=1.7.3
Source=CRAN
Hash=044ef4cd42a0497beadc3ac9ba6d33e7

[R/Package/utf8]
Package=utf8
Version=1.1.4
Source=CRAN
Hash=6399c80981358af7b39c217c72f22785

[R/Package/vctrs]
Package=vctrs
Version=0.1.0
Source=CRAN
Hash=c3e8d5d6a3faaa8657f9b20678e13157

[R/Package/vegan]
Package=vegan
Version=2.5-5
Source=CRAN
Hash=ecaca70d34ee024c55eff39bfe86c3cd

[R/Package/viridisLite]
Package=viridisLite
Version=0.3.0
Source=CRAN
Hash=df8d31da7c7104158b3cd45a301d990c

[R/Package/whisker]
Package=whisker
Version=0.3-2
Source=CRAN
Hash=cf13162701dd6681e36c1ea115deb545

[R/Package/withr]
Package=withr
Version=2.1.2
Source=CRAN
Hash=16f55d072613eebf6f6441611f2983e5

[R/Package/xml2]
Package=xml2
Version=1.2.0
Source=CRAN
Hash=db809854a56ab0487ae935259e53a631

[R/Package/xtable]
Package=xtable
Version=1.8-4
Source=CRAN
Hash=e9e84aa1396826d8671e25862ced7763

[R/Package/yaml]
Package=yaml
Version=2.2.0
Source=CRAN
Hash=9db4f908886820b37f76b5ecc52c76e6

[R/Package/zeallot]
Package=zeallot
Version=0.1.0
Source=CRAN
Hash=51d0973c2f935cae2e50e6687e2bd90b
